// !$*UTF8*$!
{
	archiveVersion = 1;
	classes = {
	};
	objectVersion = 50;
	objects = {

/* Begin PBXBuildFile section */
		CC29F33A23DB2A9800E045F2 /* AppDelegate.swift in Sources */ = {isa = PBXBuildFile; fileRef = CC29F33923DB2A9800E045F2 /* AppDelegate.swift */; };
		CC29F33C23DB2A9800E045F2 /* SceneDelegate.swift in Sources */ = {isa = PBXBuildFile; fileRef = CC29F33B23DB2A9800E045F2 /* SceneDelegate.swift */; };
		CC29F33E23DB2A9800E045F2 /* ContentView.swift in Sources */ = {isa = PBXBuildFile; fileRef = CC29F33D23DB2A9800E045F2 /* ContentView.swift */; };
		CC29F34023DB2A9900E045F2 /* Assets.xcassets in Resources */ = {isa = PBXBuildFile; fileRef = CC29F33F23DB2A9900E045F2 /* Assets.xcassets */; };
		CC29F34323DB2A9900E045F2 /* Preview Assets.xcassets in Resources */ = {isa = PBXBuildFile; fileRef = CC29F34223DB2A9900E045F2 /* Preview Assets.xcassets */; };
		CC29F34623DB2A9900E045F2 /* LaunchScreen.storyboard in Resources */ = {isa = PBXBuildFile; fileRef = CC29F34423DB2A9900E045F2 /* LaunchScreen.storyboard */; };
/* End PBXBuildFile section */

/* Begin PBXFileReference section */
		CC29F33623DB2A9800E045F2 /* DumbledoreArmyView.app */ = {isa = PBXFileReference; explicitFileType = wrapper.application; includeInIndex = 0; path = DumbledoreArmyView.app; sourceTree = BUILT_PRODUCTS_DIR; };
		CC29F33923DB2A9800E045F2 /* AppDelegate.swift */ = {isa = PBXFileReference; lastKnownFileType = sourcecode.swift; path = AppDelegate.swift; sourceTree = "<group>"; };
		CC29F33B23DB2A9800E045F2 /* SceneDelegate.swift */ = {isa = PBXFileReference; lastKnownFileType = sourcecode.swift; path = SceneDelegate.swift; sourceTree = "<group>"; };
		CC29F33D23DB2A9800E045F2 /* ContentView.swift */ = {isa = PBXFileReference; lastKnownFileType = sourcecode.swift; path = ContentView.swift; sourceTree = "<group>"; };
		CC29F33F23DB2A9900E045F2 /* Assets.xcassets */ = {isa = PBXFileReference; lastKnownFileType = folder.assetcatalog; path = Assets.xcassets; sourceTree = "<group>"; };
		CC29F34223DB2A9900E045F2 /* Preview Assets.xcassets */ = {isa = PBXFileReference; lastKnownFileType = folder.assetcatalog; path = "Preview Assets.xcassets"; sourceTree = "<group>"; };
		CC29F34523DB2A9900E045F2 /* Base */ = {isa = PBXFileReference; lastKnownFileType = file.storyboard; name = Base; path = Base.lproj/LaunchScreen.storyboard; sourceTree = "<group>"; };
		CC29F34723DB2A9900E045F2 /* Info.plist */ = {isa = PBXFileReference; lastKnownFileType = text.plist.xml; path = Info.plist; sourceTree = "<group>"; };
/* End PBXFileReference section */

/* Begin PBXFrameworksBuildPhase section */
		CC29F33323DB2A9800E045F2 /* Frameworks */ = {
			isa = PBXFrameworksBuildPhase;
			buildActionMask = 2147483647;
			files = (
			);
			runOnlyForDeploymentPostprocessing = 0;
		};
/* End PBXFrameworksBuildPhase section */

/* Begin PBXGroup section */
		CC29F32D23DB2A9800E045F2 = {
			isa = PBXGroup;
			children = (
				CC29F33823DB2A9800E045F2 /* DumbledoreArmyView */,
				CC29F33723DB2A9800E045F2 /* Products */,
			);
			sourceTree = "<group>";
		};
		CC29F33723DB2A9800E045F2 /* Products */ = {
			isa = PBXGroup;
			children = (
				CC29F33623DB2A9800E045F2 /* DumbledoreArmyView.app */,
			);
			name = Products;
			sourceTree = "<group>";
		};
		CC29F33823DB2A9800E045F2 /* DumbledoreArmyView */ = {
			isa = PBXGroup;
			children = (
				CC29F33923DB2A9800E045F2 /* AppDelegate.swift */,
				CC29F33B23DB2A9800E045F2 /* SceneDelegate.swift */,
				CC29F33D23DB2A9800E045F2 /* ContentView.swift */,
				CC29F33F23DB2A9900E045F2 /* Assets.xcassets */,
				CC29F34423DB2A9900E045F2 /* LaunchScreen.storyboard */,
				CC29F34723DB2A9900E045F2 /* Info.plist */,
				CC29F34123DB2A9900E045F2 /* Preview Content */,
			);
			path = DumbledoreArmyView;
			sourceTree = "<group>";
		};
		CC29F34123DB2A9900E045F2 /* Preview Content */ = {
			isa = PBXGroup;
			children = (
				CC29F34223DB2A9900E045F2 /* Preview Assets.xcassets */,
			);
			path = "Preview Content";
			sourceTree = "<group>";
		};
/* End PBXGroup section */

/* Begin PBXNativeTarget section */
		CC29F33523DB2A9800E045F2 /* DumbledoreArmyView */ = {
			isa = PBXNativeTarget;
			buildConfigurationList = CC29F34A23DB2A9900E045F2 /* Build configuration list for PBXNativeTarget "DumbledoreArmyView" */;
			buildPhases = (
				CC29F33223DB2A9800E045F2 /* Sources */,
				CC29F33323DB2A9800E045F2 /* Frameworks */,
				CC29F33423DB2A9800E045F2 /* Resources */,
			);
			buildRules = (
			);
			dependencies = (
			);
			name = DumbledoreArmyView;
			productName = DumbledoreArmyView;
			productReference = CC29F33623DB2A9800E045F2 /* DumbledoreArmyView.app */;
			productType = "com.apple.product-type.application";
		};
/* End PBXNativeTarget section */

/* Begin PBXProject section */
		CC29F32E23DB2A9800E045F2 /* Project object */ = {
			isa = PBXProject;
			attributes = {
				LastSwiftUpdateCheck = 1130;
				LastUpgradeCheck = 1130;
				ORGANIZATIONNAME = "Audrey Detsaboun";
				TargetAttributes = {
					CC29F33523DB2A9800E045F2 = {
						CreatedOnToolsVersion = 11.3.1;
					};
				};
			};
			buildConfigurationList = CC29F33123DB2A9800E045F2 /* Build configuration list for PBXProject "DumbledoreArmyView" */;
			compatibilityVersion = "Xcode 9.3";
			developmentRegion = en;
			hasScannedForEncodings = 0;
			knownRegions = (
				en,
				Base,
			);
			mainGroup = CC29F32D23DB2A9800E045F2;
			productRefGroup = CC29F33723DB2A9800E045F2 /* Products */;
			projectDirPath = "";
			projectRoot = "";
			targets = (
				CC29F33523DB2A9800E045F2 /* DumbledoreArmyView */,
			);
		};
/* End PBXProject section */

/* Begin PBXResourcesBuildPhase section */
		CC29F33423DB2A9800E045F2 /* Resources */ = {
			isa = PBXResourcesBuildPhase;
			buildActionMask = 2147483647;
			files = (
				CC29F34623DB2A9900E045F2 /* LaunchScreen.storyboard in Resources */,
				CC29F34323DB2A9900E045F2 /* Preview Assets.xcassets in Resources */,
				CC29F34023DB2A9900E045F2 /* Assets.xcassets in Resources */,
			);
			runOnlyForDeploymentPostprocessing = 0;
		};
/* End PBXResourcesBuildPhase section */

/* Begin PBXSourcesBuildPhase section */
		CC29F33223DB2A9800E045F2 /* Sources */ = {
			isa = PBXSourcesBuildPhase;
			buildActionMask = 2147483647;
			files = (
				CC29F33A23DB2A9800E045F2 /* AppDelegate.swift in Sources */,
				CC29F33C23DB2A9800E045F2 /* SceneDelegate.swift in Sources */,
				CC29F33E23DB2A9800E045F2 /* ContentView.swift in Sources */,
			);
			runOnlyForDeploymentPostprocessing = 0;
		};
/* End PBXSourcesBuildPhase section */

/* Begin PBXVariantGroup section */
		CC29F34423DB2A9900E045F2 /* LaunchScreen.storyboard */ = {
			isa = PBXVariantGroup;
			children = (
				CC29F34523DB2A9900E045F2 /* Base */,
			);
			name = LaunchScreen.storyboard;
			sourceTree = "<group>";
		};
/* End PBXVariantGroup section */

/* Begin XCBuildConfiguration section */
		CC29F34823DB2A9900E045F2 /* Debug */ = {
			isa = XCBuildConfiguration;
			buildSettings = {
				ALWAYS_SEARCH_USER_PATHS = NO;
				CLANG_ANALYZER_NONNULL = YES;
				CLANG_ANALYZER_NUMBER_OBJECT_CONVERSION = YES_AGGRESSIVE;
				CLANG_CXX_LANGUAGE_STANDARD = "gnu++14";
				CLANG_CXX_LIBRARY = "libc++";
				CLANG_ENABLE_MODULES = YES;
				CLANG_ENABLE_OBJC_ARC = YES;
				CLANG_ENABLE_OBJC_WEAK = YES;
				CLANG_WARN_BLOCK_CAPTURE_AUTORELEASING = YES;
				CLANG_WARN_BOOL_CONVERSION = YES;
				CLANG_WARN_COMMA = YES;
				CLANG_WARN_CONSTANT_CONVERSION = YES;
				CLANG_WARN_DEPRECATED_OBJC_IMPLEMENTATIONS = YES;
				CLANG_WARN_DIRECT_OBJC_ISA_USAGE = YES_ERROR;
				CLANG_WARN_DOCUMENTATION_COMMENTS = YES;
				CLANG_WARN_EMPTY_BODY = YES;
				CLANG_WARN_ENUM_CONVERSION = YES;
				CLANG_WARN_INFINITE_RECURSION = YES;
				CLANG_WARN_INT_CONVERSION = YES;
				CLANG_WARN_NON_LITERAL_NULL_CONVERSION = YES;
				CLANG_WARN_OBJC_IMPLICIT_RETAIN_SELF = YES;
				CLANG_WARN_OBJC_LITERAL_CONVERSION = YES;
				CLANG_WARN_OBJC_ROOT_CLASS = YES_ERROR;
				CLANG_WARN_RANGE_LOOP_ANALYSIS = YES;
				CLANG_WARN_STRICT_PROTOTYPES = YES;
				CLANG_WARN_SUSPICIOUS_MOVE = YES;
				CLANG_WARN_UNGUARDED_AVAILABILITY = YES_AGGRESSIVE;
				CLANG_WARN_UNREACHABLE_CODE = YES;
				CLANG_WARN__DUPLICATE_METHOD_MATCH = YES;
				COPY_PHASE_STRIP = NO;
				DEBUG_INFORMATION_FORMAT = dwarf;
				ENABLE_STRICT_OBJC_MSGSEND = YES;
				ENABLE_TESTABILITY = YES;
				GCC_C_LANGUAGE_STANDARD = gnu11;
				GCC_DYNAMIC_NO_PIC = NO;
				GCC_NO_COMMON_BLOCKS = YES;
				GCC_OPTIMIZATION_LEVEL = 0;
				GCC_PREPROCESSOR_DEFINITIONS = (
					"DEBUG=1",
					"$(inherited)",
				);
				GCC_WARN_64_TO_32_BIT_CONVERSION = YES;
				GCC_WARN_ABOUT_RETURN_TYPE = YES_ERROR;
				GCC_WARN_UNDECLARED_SELECTOR = YES;
				GCC_WARN_UNINITIALIZED_AUTOS = YES_AGGRESSIVE;
				GCC_WARN_UNUSED_FUNCTION = YES;
				GCC_WARN_UNUSED_VARIABLE = YES;
				IPHONEOS_DEPLOYMENT_TARGET = 13.2;
				MTL_ENABLE_DEBUG_INFO = INCLUDE_SOURCE;
				MTL_FAST_MATH = YES;
				ONLY_ACTIVE_ARCH = YES;
				SDKROOT = iphoneos;
				SWIFT_ACTIVE_COMPILATION_CONDITIONS = DEBUG;
				SWIFT_OPTIMIZATION_LEVEL = "-Onone";
			};
			name = Debug;
		};
		CC29F34923DB2A9900E045F2 /* Release */ = {
			isa = XCBuildConfiguration;
			buildSettings = {
				ALWAYS_SEARCH_USER_PATHS = NO;
				CLANG_ANALYZER_NONNULL = YES;
				CLANG_ANALYZER_NUMBER_OBJECT_CONVERSION = YES_AGGRESSIVE;
				CLANG_CXX_LANGUAGE_STANDARD = "gnu++14";
				CLANG_CXX_LIBRARY = "libc++";
				CLANG_ENABLE_MODULES = YES;
				CLANG_ENABLE_OBJC_ARC = YES;
				CLANG_ENABLE_OBJC_WEAK = YES;
				CLANG_WARN_BLOCK_CAPTURE_AUTORELEASING = YES;
				CLANG_WARN_BOOL_CONVERSION = YES;
				CLANG_WARN_COMMA = YES;
				CLANG_WARN_CONSTANT_CONVERSION = YES;
				CLANG_WARN_DEPRECATED_OBJC_IMPLEMENTATIONS = YES;
				CLANG_WARN_DIRECT_OBJC_ISA_USAGE = YES_ERROR;
				CLANG_WARN_DOCUMENTATION_COMMENTS = YES;
				CLANG_WARN_EMPTY_BODY = YES;
				CLANG_WARN_ENUM_CONVERSION = YES;
				CLANG_WARN_INFINITE_RECURSION = YES;
				CLANG_WARN_INT_CONVERSION = YES;
				CLANG_WARN_NON_LITERAL_NULL_CONVERSION = YES;
				CLANG_WARN_OBJC_IMPLICIT_RETAIN_SELF = YES;
				CLANG_WARN_OBJC_LITERAL_CONVERSION = YES;
				CLANG_WARN_OBJC_ROOT_CLASS = YES_ERROR;
				CLANG_WARN_RANGE_LOOP_ANALYSIS = YES;
				CLANG_WARN_STRICT_PROTOTYPES = YES;
				CLANG_WARN_SUSPICIOUS_MOVE = YES;
				CLANG_WARN_UNGUARDED_AVAILABILITY = YES_AGGRESSIVE;
				CLANG_WARN_UNREACHABLE_CODE = YES;
				CLANG_WARN__DUPLICATE_METHOD_MATCH = YES;
				COPY_PHASE_STRIP = NO;
				DEBUG_INFORMATION_FORMAT = "dwarf-with-dsym";
				ENABLE_NS_ASSERTIONS = NO;
				ENABLE_STRICT_OBJC_MSGSEND = YES;
				GCC_C_LANGUAGE_STANDARD = gnu11;
				GCC_NO_COMMON_BLOCKS = YES;
				GCC_WARN_64_TO_32_BIT_CONVERSION = YES;
				GCC_WARN_ABOUT_RETURN_TYPE = YES_ERROR;
				GCC_WARN_UNDECLARED_SELECTOR = YES;
				GCC_WARN_UNINITIALIZED_AUTOS = YES_AGGRESSIVE;
				GCC_WARN_UNUSED_FUNCTION = YES;
				GCC_WARN_UNUSED_VARIABLE = YES;
				IPHONEOS_DEPLOYMENT_TARGET = 13.2;
				MTL_ENABLE_DEBUG_INFO = NO;
				MTL_FAST_MATH = YES;
				SDKROOT = iphoneos;
				SWIFT_COMPILATION_MODE = wholemodule;
				SWIFT_OPTIMIZATION_LEVEL = "-O";
				VALIDATE_PRODUCT = YES;
			};
			name = Release;
		};
		CC29F34B23DB2A9900E045F2 /* Debug */ = {
			isa = XCBuildConfiguration;
			buildSettings = {
				ASSETCATALOG_COMPILER_APPICON_NAME = AppIcon;
				CODE_SIGN_STYLE = Automatic;
				DEVELOPMENT_ASSET_PATHS = "\"DumbledoreArmyView/Preview Content\"";
				ENABLE_PREVIEWS = YES;
				INFOPLIST_FILE = DumbledoreArmyView/Info.plist;
				LD_RUNPATH_SEARCH_PATHS = (
					"$(inherited)",
					"@executable_path/Frameworks",
				);
				PRODUCT_BUNDLE_IDENTIFIER = com.audreydetsaboun.DumbledoreArmyView;
				PRODUCT_NAME = "$(TARGET_NAME)";
				SWIFT_VERSION = 5.0;
				TARGETED_DEVICE_FAMILY = "1,2";
			};
			name = Debug;
		};
		CC29F34C23DB2A9900E045F2 /* Release */ = {
			isa = XCBuildConfiguration;
			buildSettings = {
				ASSETCATALOG_COMPILER_APPICON_NAME = AppIcon;
				CODE_SIGN_STYLE = Automatic;
				DEVELOPMENT_ASSET_PATHS = "\"DumbledoreArmyView/Preview Content\"";
				ENABLE_PREVIEWS = YES;
				INFOPLIST_FILE = DumbledoreArmyView/Info.plist;
				LD_RUNPATH_SEARCH_PATHS = (
					"$(inherited)",
					"@executable_path/Frameworks",
				);
				PRODUCT_BUNDLE_IDENTIFIER = com.audreydetsaboun.DumbledoreArmyView;
				PRODUCT_NAME = "$(TARGET_NAME)";
				SWIFT_VERSION = 5.0;
				TARGETED_DEVICE_FAMILY = "1,2";
			};
			name = Release;
		};
/* End XCBuildConfiguration section */

/* Begin XCConfigurationList section */
		CC29F33123DB2A9800E045F2 /* Build configuration list for PBXProject "DumbledoreArmyView" */ = {
			isa = XCConfigurationList;
			buildConfigurations = (
				CC29F34823DB2A9900E045F2 /* Debug */,
				CC29F34923DB2A9900E045F2 /* Release */,
			);
			defaultConfigurationIsVisible = 0;
			defaultConfigurationName = Release;
		};
		CC29F34A23DB2A9900E045F2 /* Build configuration list for PBXNativeTarget "DumbledoreArmyView" */ = {
			isa = XCConfigurationList;
			buildConfigurations = (
				CC29F34B23DB2A9900E045F2 /* Debug */,
				CC29F34C23DB2A9900E045F2 /* Release */,
			);
			defaultConfigurationIsVisible = 0;
			defaultConfigurationName = Release;
		};
/* End XCConfigurationList section */
	};
	rootObject = CC29F32E23DB2A9800E045F2 /* Project object */;
}
